<?xml version="1.0" encoding="utf-8"?>
<Project ToolsVersion="4.0" xmlns="http://schemas.microsoft.com/developer/msbuild/2003">
  <ItemGroup>
    <Filter Include="win32">
      <UniqueIdentifier>{84a8ebd7-7cf0-47f6-b75e-d441df67da40}</UniqueIdentifier>
    </Filter>
    <Filter Include="resource">
      <UniqueIdentifier>{715254bc-d70b-4ec5-bf29-467dd3ace079}</UniqueIdentifier>
    </Filter>
    <Filter Include="src">
      <UniqueIdentifier>{bb6c862e-70e9-49d9-81b7-3829a6f50471}</UniqueIdentifier>
    </Filter>
    <Filter Include="Mighty">
      <UniqueIdentifier>{be71e67e-a666-4208-92f8-45dabb7e0baf}</UniqueIdentifier>
    </Filter>
    <Filter Include="Mighty\Game">
      <UniqueIdentifier>{53dab6bc-cb79-4193-a558-34d03d088b17}</UniqueIdentifier>
    </Filter>
    <Filter Include="PCH">
      <UniqueIdentifier>{002ae4a8-200d-49ce-85d0-d3988f52e42a}</UniqueIdentifier>
    </Filter>
    <Filter Include="Mighty\Player">
      <UniqueIdentifier>{2d45c15b-2a27-411b-bd81-a793f496b24f}</UniqueIdentifier>
    </Filter>
    <Filter Include="Scene">
      <UniqueIdentifier>{f1da3395-b8ec-455b-b74c-092654911c0b}</UniqueIdentifier>
    </Filter>
    <Filter Include="Mighty\Card">
      <UniqueIdentifier>{ebd9ee15-a58f-4305-a3d2-12ca77887601}</UniqueIdentifier>
    </Filter>
  </ItemGroup>
  <ItemGroup>
    <ClCompile Include="main.cpp">
      <Filter>win32</Filter>
    </ClCompile>
    <ClCompile Include="..\Classes\AppDelegate.cpp">
      <Filter>src</Filter>
    </ClCompile>
    <ClCompile Include="..\Classes\Game.cpp">
      <Filter>Mighty\Game</Filter>
    </ClCompile>
    <ClCompile Include="..\Classes\stdafx.cpp">
      <Filter>PCH</Filter>
    </ClCompile>
    <ClCompile Include="..\Classes\HumanPlayer.cpp">
      <Filter>Mighty\Player</Filter>
    </ClCompile>
    <ClCompile Include="..\Classes\AbstractPlayer.cpp">
      <Filter>Mighty\Player</Filter>
    </ClCompile>
    <ClCompile Include="..\Classes\HelloWorldScene.cpp">
      <Filter>Scene</Filter>
    </ClCompile>
  </ItemGroup>
  <ItemGroup>
    <ClInclude Include="..\Classes\AppDelegate.h">
      <Filter>src</Filter>
    </ClInclude>
    <ClInclude Include="..\Classes\Game.h">
      <Filter>Mighty\Game</Filter>
    </ClInclude>
    <ClInclude Include="..\Classes\stdafx.h">
      <Filter>PCH</Filter>
    </ClInclude>
    <ClInclude Include="..\Classes\HumanPlayer.h">
      <Filter>Mighty\Player</Filter>
    </ClInclude>
    <ClInclude Include="..\Classes\AbstractPlayer.h">
      <Filter>Mighty\Player</Filter>
    </ClInclude>
    <ClInclude Include="..\Classes\HelloWorldScene.h">
      <Filter>Scene</Filter>
    </ClInclude>
    <ClInclude Include="..\Classes\CardType.h">
      <Filter>Mighty\Card</Filter>
    </ClInclude>
  </ItemGroup>
  <ItemGroup>
    <ResourceCompile Include="game.rc">
      <Filter>resource</Filter>
    </ResourceCompile>
  </ItemGroup>
</Project>